// !$*UTF8*$!
{
	archiveVersion = 1;
	classes = {
	};
	objectVersion = 56;
	objects = {

/* Begin PBXBuildFile section */
		078888962A8178DD006E0FE0 /* Alamofire in Frameworks */ = {isa = PBXBuildFile; productRef = 078888952A8178DD006E0FE0 /* Alamofire */; };
		09ECE9EE3CABB547D38E728F /* Pods_ajwa_ajwaUITests.framework in Frameworks */ = {isa = PBXBuildFile; fileRef = 8FCC97192E1A306C2FECCACE /* Pods_ajwa_ajwaUITests.framework */; };
		3E2EF13F3D3716C515C6E0A3 /* Pods_ajwa.framework in Frameworks */ = {isa = PBXBuildFile; fileRef = D2C4546FAB076C4A4F235C68 /* Pods_ajwa.framework */; };
		681ECDC62A91E97E00382F1B /* MainPresenter.swift in Sources */ = {isa = PBXBuildFile; fileRef = 681ECDBF2A91E97E00382F1B /* MainPresenter.swift */; };
		681ECDC72A91E97E00382F1B /* MainWorker.swift in Sources */ = {isa = PBXBuildFile; fileRef = 681ECDC02A91E97E00382F1B /* MainWorker.swift */; };
		681ECDC82A91E97E00382F1B /* MainRouter.swift in Sources */ = {isa = PBXBuildFile; fileRef = 681ECDC12A91E97E00382F1B /* MainRouter.swift */; };
		681ECDC92A91E97E00382F1B /* MainModels.swift in Sources */ = {isa = PBXBuildFile; fileRef = 681ECDC22A91E97E00382F1B /* MainModels.swift */; };
		681ECDCA2A91E97E00382F1B /* MainViewController.swift in Sources */ = {isa = PBXBuildFile; fileRef = 681ECDC32A91E97E00382F1B /* MainViewController.swift */; };
		681ECDCB2A91E97E00382F1B /* MainInteractor.swift in Sources */ = {isa = PBXBuildFile; fileRef = 681ECDC42A91E97E00382F1B /* MainInteractor.swift */; };
		681ECDCC2A91E97E00382F1B /* MainConfigurator.swift in Sources */ = {isa = PBXBuildFile; fileRef = 681ECDC52A91E97E00382F1B /* MainConfigurator.swift */; };
		9FBC537D2A80F9CE00CE8ED7 /* AppDelegate.swift in Sources */ = {isa = PBXBuildFile; fileRef = 9FBC537C2A80F9CE00CE8ED7 /* AppDelegate.swift */; };
		9FBC537F2A80F9CE00CE8ED7 /* SceneDelegate.swift in Sources */ = {isa = PBXBuildFile; fileRef = 9FBC537E2A80F9CE00CE8ED7 /* SceneDelegate.swift */; };
		9FBC53812A80F9CE00CE8ED7 /* ViewController.swift in Sources */ = {isa = PBXBuildFile; fileRef = 9FBC53802A80F9CE00CE8ED7 /* ViewController.swift */; };
		9FBC53842A80F9CE00CE8ED7 /* Main.storyboard in Resources */ = {isa = PBXBuildFile; fileRef = 9FBC53822A80F9CE00CE8ED7 /* Main.storyboard */; };
		9FBC53872A80F9CE00CE8ED7 /* ajwa.xcdatamodeld in Sources */ = {isa = PBXBuildFile; fileRef = 9FBC53852A80F9CE00CE8ED7 /* ajwa.xcdatamodeld */; };
		9FBC53892A80F9D100CE8ED7 /* Assets.xcassets in Resources */ = {isa = PBXBuildFile; fileRef = 9FBC53882A80F9D100CE8ED7 /* Assets.xcassets */; };
		9FBC538C2A80F9D100CE8ED7 /* LaunchScreen.storyboard in Resources */ = {isa = PBXBuildFile; fileRef = 9FBC538A2A80F9D100CE8ED7 /* LaunchScreen.storyboard */; };
		9FBC53972A80F9D100CE8ED7 /* ajwaTests.swift in Sources */ = {isa = PBXBuildFile; fileRef = 9FBC53962A80F9D100CE8ED7 /* ajwaTests.swift */; };
		9FBC53A12A80F9D100CE8ED7 /* ajwaUITests.swift in Sources */ = {isa = PBXBuildFile; fileRef = 9FBC53A02A80F9D100CE8ED7 /* ajwaUITests.swift */; };
		9FBC53A32A80F9D100CE8ED7 /* ajwaUITestsLaunchTests.swift in Sources */ = {isa = PBXBuildFile; fileRef = 9FBC53A22A80F9D100CE8ED7 /* ajwaUITestsLaunchTests.swift */; };
		9FBC53B12A8100C300CE8ED7 /* SnapKit in Frameworks */ = {isa = PBXBuildFile; productRef = 9FBC53B02A8100C300CE8ED7 /* SnapKit */; };
		B2187AF82A83E65400C0FB82 /* Kingfisher in Frameworks */ = {isa = PBXBuildFile; productRef = B2187AF72A83E65400C0FB82 /* Kingfisher */; };
		B2E133872A88AF07008A46E0 /* RegisterVerificationViewController.swift in Sources */ = {isa = PBXBuildFile; fileRef = B2E133862A88AF07008A46E0 /* RegisterVerificationViewController.swift */; };
		B2E133912A88B53E008A46E0 /* CHIOTPField in Frameworks */ = {isa = PBXBuildFile; productRef = B2E133902A88B53E008A46E0 /* CHIOTPField */; };
		B2E133932A88BC9A008A46E0 /* Int+Extension.swift in Sources */ = {isa = PBXBuildFile; fileRef = B2E133922A88BC9A008A46E0 /* Int+Extension.swift */; };
		B2E9F06E2A89374900E33F51 /* OTPTextField.swift in Sources */ = {isa = PBXBuildFile; fileRef = B2E9F06D2A89374900E33F51 /* OTPTextField.swift */; };
		B2E9F0702A8938C300E33F51 /* OTPStackView.swift in Sources */ = {isa = PBXBuildFile; fileRef = B2E9F06F2A8938C300E33F51 /* OTPStackView.swift */; };
		B2E9F0732A89FC1A00E33F51 /* UILabel+Extension.swift in Sources */ = {isa = PBXBuildFile; fileRef = B2E9F0722A89FC1A00E33F51 /* UILabel+Extension.swift */; };
		BBC2835379CEFD5B7B17271C /* Pods_ajwaTests.framework in Frameworks */ = {isa = PBXBuildFile; fileRef = B1898F0C127C697DC98DF74D /* Pods_ajwaTests.framework */; };
		C81BE4722A81600400E77EEC /* AppFont.swift in Sources */ = {isa = PBXBuildFile; fileRef = C81BE4712A81600400E77EEC /* AppFont.swift */; };
		C8B48CFC2A8A567C00EDBCB6 /* SFProDisplay-Bold.ttf in Resources */ = {isa = PBXBuildFile; fileRef = C8B48CF82A8A567C00EDBCB6 /* SFProDisplay-Bold.ttf */; };
		C8B48CFD2A8A567C00EDBCB6 /* SFProDisplay-Regular.ttf in Resources */ = {isa = PBXBuildFile; fileRef = C8B48CF92A8A567C00EDBCB6 /* SFProDisplay-Regular.ttf */; };
		C8B48CFE2A8A567C00EDBCB6 /* SFProDisplay-Medium.ttf in Resources */ = {isa = PBXBuildFile; fileRef = C8B48CFA2A8A567C00EDBCB6 /* SFProDisplay-Medium.ttf */; };
		C8B48CFF2A8A567C00EDBCB6 /* SFProDisplay-Semibold.ttf in Resources */ = {isa = PBXBuildFile; fileRef = C8B48CFB2A8A567C00EDBCB6 /* SFProDisplay-Semibold.ttf */; };
		C8BDB0A12A868559009B9D5D /* AppImage.swift in Sources */ = {isa = PBXBuildFile; fileRef = C8BDB0A02A868559009B9D5D /* AppImage.swift */; };
		C8BDB0A32A8685BB009B9D5D /* AppColor.swift in Sources */ = {isa = PBXBuildFile; fileRef = C8BDB0A22A8685BB009B9D5D /* AppColor.swift */; };
		C8BDB0A62A868692009B9D5D /* Colors.xcassets in Resources */ = {isa = PBXBuildFile; fileRef = C8BDB0A52A868692009B9D5D /* Colors.xcassets */; };
		E4F176142A8269300022628A /* Wormholy in Frameworks */ = {isa = PBXBuildFile; productRef = E4F176132A8269300022628A /* Wormholy */; };
/* End PBXBuildFile section */

/* Begin PBXContainerItemProxy section */
		9FBC53932A80F9D100CE8ED7 /* PBXContainerItemProxy */ = {
			isa = PBXContainerItemProxy;
			containerPortal = 9FBC53712A80F9CE00CE8ED7 /* Project object */;
			proxyType = 1;
			remoteGlobalIDString = 9FBC53782A80F9CE00CE8ED7;
			remoteInfo = ajwa;
		};
		9FBC539D2A80F9D100CE8ED7 /* PBXContainerItemProxy */ = {
			isa = PBXContainerItemProxy;
			containerPortal = 9FBC53712A80F9CE00CE8ED7 /* Project object */;
			proxyType = 1;
			remoteGlobalIDString = 9FBC53782A80F9CE00CE8ED7;
			remoteInfo = ajwa;
		};
/* End PBXContainerItemProxy section */

/* Begin PBXFileReference section */
		1A7DF254EB3F3358A3320519 /* Pods-ajwa-ajwaUITests.release.xcconfig */ = {isa = PBXFileReference; includeInIndex = 1; lastKnownFileType = text.xcconfig; name = "Pods-ajwa-ajwaUITests.release.xcconfig"; path = "Target Support Files/Pods-ajwa-ajwaUITests/Pods-ajwa-ajwaUITests.release.xcconfig"; sourceTree = "<group>"; };
		50DC7B7AC84EE6C5F946E7E7 /* Pods-ajwa.debug.xcconfig */ = {isa = PBXFileReference; includeInIndex = 1; lastKnownFileType = text.xcconfig; name = "Pods-ajwa.debug.xcconfig"; path = "Target Support Files/Pods-ajwa/Pods-ajwa.debug.xcconfig"; sourceTree = "<group>"; };
		681ECDBF2A91E97E00382F1B /* MainPresenter.swift */ = {isa = PBXFileReference; lastKnownFileType = sourcecode.swift; path = MainPresenter.swift; sourceTree = "<group>"; };
		681ECDC02A91E97E00382F1B /* MainWorker.swift */ = {isa = PBXFileReference; lastKnownFileType = sourcecode.swift; path = MainWorker.swift; sourceTree = "<group>"; };
		681ECDC12A91E97E00382F1B /* MainRouter.swift */ = {isa = PBXFileReference; lastKnownFileType = sourcecode.swift; path = MainRouter.swift; sourceTree = "<group>"; };
		681ECDC22A91E97E00382F1B /* MainModels.swift */ = {isa = PBXFileReference; lastKnownFileType = sourcecode.swift; path = MainModels.swift; sourceTree = "<group>"; };
		681ECDC32A91E97E00382F1B /* MainViewController.swift */ = {isa = PBXFileReference; lastKnownFileType = sourcecode.swift; path = MainViewController.swift; sourceTree = "<group>"; };
		681ECDC42A91E97E00382F1B /* MainInteractor.swift */ = {isa = PBXFileReference; lastKnownFileType = sourcecode.swift; path = MainInteractor.swift; sourceTree = "<group>"; };
		681ECDC52A91E97E00382F1B /* MainConfigurator.swift */ = {isa = PBXFileReference; lastKnownFileType = sourcecode.swift; path = MainConfigurator.swift; sourceTree = "<group>"; };
		8FAB9E08A976F806A3043375 /* Pods-ajwa-ajwaUITests.debug.xcconfig */ = {isa = PBXFileReference; includeInIndex = 1; lastKnownFileType = text.xcconfig; name = "Pods-ajwa-ajwaUITests.debug.xcconfig"; path = "Target Support Files/Pods-ajwa-ajwaUITests/Pods-ajwa-ajwaUITests.debug.xcconfig"; sourceTree = "<group>"; };
		8FCC97192E1A306C2FECCACE /* Pods_ajwa_ajwaUITests.framework */ = {isa = PBXFileReference; explicitFileType = wrapper.framework; includeInIndex = 0; path = Pods_ajwa_ajwaUITests.framework; sourceTree = BUILT_PRODUCTS_DIR; };
		9D0CCB4186115E6722879564 /* Pods-ajwaTests.debug.xcconfig */ = {isa = PBXFileReference; includeInIndex = 1; lastKnownFileType = text.xcconfig; name = "Pods-ajwaTests.debug.xcconfig"; path = "Target Support Files/Pods-ajwaTests/Pods-ajwaTests.debug.xcconfig"; sourceTree = "<group>"; };
		9FBC53792A80F9CE00CE8ED7 /* ajwa.app */ = {isa = PBXFileReference; explicitFileType = wrapper.application; includeInIndex = 0; path = ajwa.app; sourceTree = BUILT_PRODUCTS_DIR; };
		9FBC537C2A80F9CE00CE8ED7 /* AppDelegate.swift */ = {isa = PBXFileReference; lastKnownFileType = sourcecode.swift; path = AppDelegate.swift; sourceTree = "<group>"; };
		9FBC537E2A80F9CE00CE8ED7 /* SceneDelegate.swift */ = {isa = PBXFileReference; lastKnownFileType = sourcecode.swift; path = SceneDelegate.swift; sourceTree = "<group>"; };
		9FBC53802A80F9CE00CE8ED7 /* ViewController.swift */ = {isa = PBXFileReference; lastKnownFileType = sourcecode.swift; path = ViewController.swift; sourceTree = "<group>"; };
		9FBC53832A80F9CE00CE8ED7 /* Base */ = {isa = PBXFileReference; lastKnownFileType = file.storyboard; name = Base; path = Base.lproj/Main.storyboard; sourceTree = "<group>"; };
		9FBC53862A80F9CE00CE8ED7 /* ajwa.xcdatamodel */ = {isa = PBXFileReference; lastKnownFileType = wrapper.xcdatamodel; path = ajwa.xcdatamodel; sourceTree = "<group>"; };
		9FBC53882A80F9D100CE8ED7 /* Assets.xcassets */ = {isa = PBXFileReference; lastKnownFileType = folder.assetcatalog; path = Assets.xcassets; sourceTree = "<group>"; };
		9FBC538B2A80F9D100CE8ED7 /* Base */ = {isa = PBXFileReference; lastKnownFileType = file.storyboard; name = Base; path = Base.lproj/LaunchScreen.storyboard; sourceTree = "<group>"; };
		9FBC538D2A80F9D100CE8ED7 /* Info.plist */ = {isa = PBXFileReference; lastKnownFileType = text.plist.xml; path = Info.plist; sourceTree = "<group>"; };
		9FBC53922A80F9D100CE8ED7 /* ajwaTests.xctest */ = {isa = PBXFileReference; explicitFileType = wrapper.cfbundle; includeInIndex = 0; path = ajwaTests.xctest; sourceTree = BUILT_PRODUCTS_DIR; };
		9FBC53962A80F9D100CE8ED7 /* ajwaTests.swift */ = {isa = PBXFileReference; lastKnownFileType = sourcecode.swift; path = ajwaTests.swift; sourceTree = "<group>"; };
		9FBC539C2A80F9D100CE8ED7 /* ajwaUITests.xctest */ = {isa = PBXFileReference; explicitFileType = wrapper.cfbundle; includeInIndex = 0; path = ajwaUITests.xctest; sourceTree = BUILT_PRODUCTS_DIR; };
		9FBC53A02A80F9D100CE8ED7 /* ajwaUITests.swift */ = {isa = PBXFileReference; lastKnownFileType = sourcecode.swift; path = ajwaUITests.swift; sourceTree = "<group>"; };
		9FBC53A22A80F9D100CE8ED7 /* ajwaUITestsLaunchTests.swift */ = {isa = PBXFileReference; lastKnownFileType = sourcecode.swift; path = ajwaUITestsLaunchTests.swift; sourceTree = "<group>"; };
		B1898F0C127C697DC98DF74D /* Pods_ajwaTests.framework */ = {isa = PBXFileReference; explicitFileType = wrapper.framework; includeInIndex = 0; path = Pods_ajwaTests.framework; sourceTree = BUILT_PRODUCTS_DIR; };
		B2E133862A88AF07008A46E0 /* RegisterVerificationViewController.swift */ = {isa = PBXFileReference; lastKnownFileType = sourcecode.swift; path = RegisterVerificationViewController.swift; sourceTree = "<group>"; };
		B2E133922A88BC9A008A46E0 /* Int+Extension.swift */ = {isa = PBXFileReference; lastKnownFileType = sourcecode.swift; path = "Int+Extension.swift"; sourceTree = "<group>"; };
		B2E9F06D2A89374900E33F51 /* OTPTextField.swift */ = {isa = PBXFileReference; lastKnownFileType = sourcecode.swift; path = OTPTextField.swift; sourceTree = "<group>"; };
		B2E9F06F2A8938C300E33F51 /* OTPStackView.swift */ = {isa = PBXFileReference; lastKnownFileType = sourcecode.swift; path = OTPStackView.swift; sourceTree = "<group>"; };
		B2E9F0722A89FC1A00E33F51 /* UILabel+Extension.swift */ = {isa = PBXFileReference; lastKnownFileType = sourcecode.swift; path = "UILabel+Extension.swift"; sourceTree = "<group>"; };
		C81BE4712A81600400E77EEC /* AppFont.swift */ = {isa = PBXFileReference; lastKnownFileType = sourcecode.swift; path = AppFont.swift; sourceTree = "<group>"; };
		C8B48CF82A8A567C00EDBCB6 /* SFProDisplay-Bold.ttf */ = {isa = PBXFileReference; lastKnownFileType = file; path = "SFProDisplay-Bold.ttf"; sourceTree = "<group>"; };
		C8B48CF92A8A567C00EDBCB6 /* SFProDisplay-Regular.ttf */ = {isa = PBXFileReference; lastKnownFileType = file; path = "SFProDisplay-Regular.ttf"; sourceTree = "<group>"; };
		C8B48CFA2A8A567C00EDBCB6 /* SFProDisplay-Medium.ttf */ = {isa = PBXFileReference; lastKnownFileType = file; path = "SFProDisplay-Medium.ttf"; sourceTree = "<group>"; };
		C8B48CFB2A8A567C00EDBCB6 /* SFProDisplay-Semibold.ttf */ = {isa = PBXFileReference; lastKnownFileType = file; path = "SFProDisplay-Semibold.ttf"; sourceTree = "<group>"; };
		C8BDB0A02A868559009B9D5D /* AppImage.swift */ = {isa = PBXFileReference; lastKnownFileType = sourcecode.swift; path = AppImage.swift; sourceTree = "<group>"; };
		C8BDB0A22A8685BB009B9D5D /* AppColor.swift */ = {isa = PBXFileReference; lastKnownFileType = sourcecode.swift; path = AppColor.swift; sourceTree = "<group>"; };
		C8BDB0A52A868692009B9D5D /* Colors.xcassets */ = {isa = PBXFileReference; lastKnownFileType = folder.assetcatalog; path = Colors.xcassets; sourceTree = "<group>"; };
		CB78CF8F6C8C45A0B90B13BD /* Pods-ajwa.release.xcconfig */ = {isa = PBXFileReference; includeInIndex = 1; lastKnownFileType = text.xcconfig; name = "Pods-ajwa.release.xcconfig"; path = "Target Support Files/Pods-ajwa/Pods-ajwa.release.xcconfig"; sourceTree = "<group>"; };
		D2C4546FAB076C4A4F235C68 /* Pods_ajwa.framework */ = {isa = PBXFileReference; explicitFileType = wrapper.framework; includeInIndex = 0; path = Pods_ajwa.framework; sourceTree = BUILT_PRODUCTS_DIR; };
		DBAC10FFC8039F8F3D6E3A12 /* Pods-ajwaTests.release.xcconfig */ = {isa = PBXFileReference; includeInIndex = 1; lastKnownFileType = text.xcconfig; name = "Pods-ajwaTests.release.xcconfig"; path = "Target Support Files/Pods-ajwaTests/Pods-ajwaTests.release.xcconfig"; sourceTree = "<group>"; };
/* End PBXFileReference section */

/* Begin PBXFrameworksBuildPhase section */
		9FBC53762A80F9CE00CE8ED7 /* Frameworks */ = {
			isa = PBXFrameworksBuildPhase;
			buildActionMask = 2147483647;
			files = (
				B2187AF82A83E65400C0FB82 /* Kingfisher in Frameworks */,
				E4F176142A8269300022628A /* Wormholy in Frameworks */,
				B2E133912A88B53E008A46E0 /* CHIOTPField in Frameworks */,
				9FBC53B12A8100C300CE8ED7 /* SnapKit in Frameworks */,
				078888962A8178DD006E0FE0 /* Alamofire in Frameworks */,
				3E2EF13F3D3716C515C6E0A3 /* Pods_ajwa.framework in Frameworks */,
			);
			runOnlyForDeploymentPostprocessing = 0;
		};
		9FBC538F2A80F9D100CE8ED7 /* Frameworks */ = {
			isa = PBXFrameworksBuildPhase;
			buildActionMask = 2147483647;
			files = (
				BBC2835379CEFD5B7B17271C /* Pods_ajwaTests.framework in Frameworks */,
			);
			runOnlyForDeploymentPostprocessing = 0;
		};
		9FBC53992A80F9D100CE8ED7 /* Frameworks */ = {
			isa = PBXFrameworksBuildPhase;
			buildActionMask = 2147483647;
			files = (
				09ECE9EE3CABB547D38E728F /* Pods_ajwa_ajwaUITests.framework in Frameworks */,
			);
			runOnlyForDeploymentPostprocessing = 0;
		};
/* End PBXFrameworksBuildPhase section */

/* Begin PBXGroup section */
		2BDE5DC87257C1440180D3E5 /* Pods */ = {
			isa = PBXGroup;
			children = (
				50DC7B7AC84EE6C5F946E7E7 /* Pods-ajwa.debug.xcconfig */,
				CB78CF8F6C8C45A0B90B13BD /* Pods-ajwa.release.xcconfig */,
				8FAB9E08A976F806A3043375 /* Pods-ajwa-ajwaUITests.debug.xcconfig */,
				1A7DF254EB3F3358A3320519 /* Pods-ajwa-ajwaUITests.release.xcconfig */,
				9D0CCB4186115E6722879564 /* Pods-ajwaTests.debug.xcconfig */,
				DBAC10FFC8039F8F3D6E3A12 /* Pods-ajwaTests.release.xcconfig */,
			);
			path = Pods;
			sourceTree = "<group>";
		};
		681ECDBE2A91E93D00382F1B /* Main */ = {
			isa = PBXGroup;
			children = (
				681ECDBF2A91E97E00382F1B /* MainPresenter.swift */,
				681ECDC02A91E97E00382F1B /* MainWorker.swift */,
				681ECDC12A91E97E00382F1B /* MainRouter.swift */,
				681ECDC22A91E97E00382F1B /* MainModels.swift */,
				681ECDC32A91E97E00382F1B /* MainViewController.swift */,
				681ECDC42A91E97E00382F1B /* MainInteractor.swift */,
				681ECDC52A91E97E00382F1B /* MainConfigurator.swift */,
			);
			path = Main;
			sourceTree = "<group>";
		};
		9FBC53702A80F9CE00CE8ED7 = {
			isa = PBXGroup;
			children = (
				9FBC537B2A80F9CE00CE8ED7 /* ajwa */,
				9FBC53952A80F9D100CE8ED7 /* ajwaTests */,
				9FBC539F2A80F9D100CE8ED7 /* ajwaUITests */,
				9FBC537A2A80F9CE00CE8ED7 /* Products */,
				2BDE5DC87257C1440180D3E5 /* Pods */,
				A469FBEC7FAF711F8434085C /* Frameworks */,
			);
			sourceTree = "<group>";
		};
		9FBC537A2A80F9CE00CE8ED7 /* Products */ = {
			isa = PBXGroup;
			children = (
				9FBC53792A80F9CE00CE8ED7 /* ajwa.app */,
				9FBC53922A80F9D100CE8ED7 /* ajwaTests.xctest */,
				9FBC539C2A80F9D100CE8ED7 /* ajwaUITests.xctest */,
			);
			name = Products;
			sourceTree = "<group>";
		};
		9FBC537B2A80F9CE00CE8ED7 /* ajwa */ = {
			isa = PBXGroup;
			children = (
				C8BDB0A42A868673009B9D5D /* Resources */,
				C81BE46A2A815CB300E77EEC /* Helpers */,
				B2E133852A88AED5008A46E0 /* Modules */,
				B2E9F0712A89F88D00E33F51 /* Extensions */,
				681ECDBE2A91E93D00382F1B /* Main */,
				9FBC537C2A80F9CE00CE8ED7 /* AppDelegate.swift */,
				9FBC537E2A80F9CE00CE8ED7 /* SceneDelegate.swift */,
				9FBC53802A80F9CE00CE8ED7 /* ViewController.swift */,
				9FBC53822A80F9CE00CE8ED7 /* Main.storyboard */,
				9FBC538A2A80F9D100CE8ED7 /* LaunchScreen.storyboard */,
				9FBC538D2A80F9D100CE8ED7 /* Info.plist */,
				9FBC53852A80F9CE00CE8ED7 /* ajwa.xcdatamodeld */,
			);
			path = ajwa;
			sourceTree = "<group>";
		};
		9FBC53952A80F9D100CE8ED7 /* ajwaTests */ = {
			isa = PBXGroup;
			children = (
				9FBC53962A80F9D100CE8ED7 /* ajwaTests.swift */,
			);
			path = ajwaTests;
			sourceTree = "<group>";
		};
		9FBC539F2A80F9D100CE8ED7 /* ajwaUITests */ = {
			isa = PBXGroup;
			children = (
				9FBC53A02A80F9D100CE8ED7 /* ajwaUITests.swift */,
				9FBC53A22A80F9D100CE8ED7 /* ajwaUITestsLaunchTests.swift */,
			);
			path = ajwaUITests;
			sourceTree = "<group>";
		};
		A469FBEC7FAF711F8434085C /* Frameworks */ = {
			isa = PBXGroup;
			children = (
				D2C4546FAB076C4A4F235C68 /* Pods_ajwa.framework */,
				8FCC97192E1A306C2FECCACE /* Pods_ajwa_ajwaUITests.framework */,
				B1898F0C127C697DC98DF74D /* Pods_ajwaTests.framework */,
			);
			name = Frameworks;
			sourceTree = "<group>";
		};
		B2E133852A88AED5008A46E0 /* Modules */ = {
			isa = PBXGroup;
			children = (
				B2E133882A88AF10008A46E0 /* RegisterVerification */,
			);
			path = Modules;
			sourceTree = "<group>";
		};
		B2E133882A88AF10008A46E0 /* RegisterVerification */ = {
			isa = PBXGroup;
			children = (
				B2E133862A88AF07008A46E0 /* RegisterVerificationViewController.swift */,
				B2E9F06D2A89374900E33F51 /* OTPTextField.swift */,
				B2E9F06F2A8938C300E33F51 /* OTPStackView.swift */,
			);
			path = RegisterVerification;
			sourceTree = "<group>";
		};
		B2E9F0712A89F88D00E33F51 /* Extensions */ = {
			isa = PBXGroup;
			children = (
				B2E133922A88BC9A008A46E0 /* Int+Extension.swift */,
				B2E9F0722A89FC1A00E33F51 /* UILabel+Extension.swift */,
			);
			path = Extensions;
			sourceTree = "<group>";
		};
		C81BE46A2A815CB300E77EEC /* Helpers */ = {
			isa = PBXGroup;
			children = (
				C81BE46B2A815CB900E77EEC /* Resourses */,
			);
			path = Helpers;
			sourceTree = "<group>";
		};
		C81BE46B2A815CB900E77EEC /* Resourses */ = {
			isa = PBXGroup;
			children = (
				C84511EE2A83ECC500FAA6E1 /* Fonts */,
				C81BE4712A81600400E77EEC /* AppFont.swift */,
				C8BDB0A02A868559009B9D5D /* AppImage.swift */,
				C8BDB0A22A8685BB009B9D5D /* AppColor.swift */,
			);
			path = Resourses;
			sourceTree = "<group>";
		};
		C84511EE2A83ECC500FAA6E1 /* Fonts */ = {
			isa = PBXGroup;
			children = (
				C8B48CF82A8A567C00EDBCB6 /* SFProDisplay-Bold.ttf */,
				C8B48CFA2A8A567C00EDBCB6 /* SFProDisplay-Medium.ttf */,
				C8B48CF92A8A567C00EDBCB6 /* SFProDisplay-Regular.ttf */,
				C8B48CFB2A8A567C00EDBCB6 /* SFProDisplay-Semibold.ttf */,
			);
			path = Fonts;
			sourceTree = "<group>";
		};
		C8BDB0A42A868673009B9D5D /* Resources */ = {
			isa = PBXGroup;
			children = (
				9FBC53882A80F9D100CE8ED7 /* Assets.xcassets */,
				C8BDB0A52A868692009B9D5D /* Colors.xcassets */,
			);
			path = Resources;
			sourceTree = "<group>";
		};
/* End PBXGroup section */

/* Begin PBXNativeTarget section */
		9FBC53782A80F9CE00CE8ED7 /* ajwa */ = {
			isa = PBXNativeTarget;
			buildConfigurationList = 9FBC53A62A80F9D100CE8ED7 /* Build configuration list for PBXNativeTarget "ajwa" */;
			buildPhases = (
				6657FC919CE07AB51125E425 /* [CP] Check Pods Manifest.lock */,
				9FBC53752A80F9CE00CE8ED7 /* Sources */,
				9FBC53762A80F9CE00CE8ED7 /* Frameworks */,
				9FBC53772A80F9CE00CE8ED7 /* Resources */,
			);
			buildRules = (
			);
			dependencies = (
			);
			name = ajwa;
			packageProductDependencies = (
				9FBC53B02A8100C300CE8ED7 /* SnapKit */,
				078888952A8178DD006E0FE0 /* Alamofire */,
				E4F176132A8269300022628A /* Wormholy */,
				B2187AF72A83E65400C0FB82 /* Kingfisher */,
				B2E133902A88B53E008A46E0 /* CHIOTPField */,
			);
			productName = ajwa;
			productReference = 9FBC53792A80F9CE00CE8ED7 /* ajwa.app */;
			productType = "com.apple.product-type.application";
		};
		9FBC53912A80F9D100CE8ED7 /* ajwaTests */ = {
			isa = PBXNativeTarget;
			buildConfigurationList = 9FBC53A92A80F9D100CE8ED7 /* Build configuration list for PBXNativeTarget "ajwaTests" */;
			buildPhases = (
				33CCAF08C7CC8B5942809E91 /* [CP] Check Pods Manifest.lock */,
				9FBC538E2A80F9D100CE8ED7 /* Sources */,
				9FBC538F2A80F9D100CE8ED7 /* Frameworks */,
				9FBC53902A80F9D100CE8ED7 /* Resources */,
			);
			buildRules = (
			);
			dependencies = (
				9FBC53942A80F9D100CE8ED7 /* PBXTargetDependency */,
			);
			name = ajwaTests;
			productName = ajwaTests;
			productReference = 9FBC53922A80F9D100CE8ED7 /* ajwaTests.xctest */;
			productType = "com.apple.product-type.bundle.unit-test";
		};
		9FBC539B2A80F9D100CE8ED7 /* ajwaUITests */ = {
			isa = PBXNativeTarget;
			buildConfigurationList = 9FBC53AC2A80F9D100CE8ED7 /* Build configuration list for PBXNativeTarget "ajwaUITests" */;
			buildPhases = (
				D27863967156ED7A1564FABF /* [CP] Check Pods Manifest.lock */,
				9FBC53982A80F9D100CE8ED7 /* Sources */,
				9FBC53992A80F9D100CE8ED7 /* Frameworks */,
				9FBC539A2A80F9D100CE8ED7 /* Resources */,
			);
			buildRules = (
			);
			dependencies = (
				9FBC539E2A80F9D100CE8ED7 /* PBXTargetDependency */,
			);
			name = ajwaUITests;
			productName = ajwaUITests;
			productReference = 9FBC539C2A80F9D100CE8ED7 /* ajwaUITests.xctest */;
			productType = "com.apple.product-type.bundle.ui-testing";
		};
/* End PBXNativeTarget section */

/* Begin PBXProject section */
		9FBC53712A80F9CE00CE8ED7 /* Project object */ = {
			isa = PBXProject;
			attributes = {
				BuildIndependentTargetsInParallel = 1;
				LastSwiftUpdateCheck = 1430;
				LastUpgradeCheck = 1430;
				TargetAttributes = {
					9FBC53782A80F9CE00CE8ED7 = {
						CreatedOnToolsVersion = 14.3.1;
					};
					9FBC53912A80F9D100CE8ED7 = {
						CreatedOnToolsVersion = 14.3.1;
						TestTargetID = 9FBC53782A80F9CE00CE8ED7;
					};
					9FBC539B2A80F9D100CE8ED7 = {
						CreatedOnToolsVersion = 14.3.1;
						TestTargetID = 9FBC53782A80F9CE00CE8ED7;
					};
				};
			};
			buildConfigurationList = 9FBC53742A80F9CE00CE8ED7 /* Build configuration list for PBXProject "ajwa" */;
			compatibilityVersion = "Xcode 14.0";
			developmentRegion = en;
			hasScannedForEncodings = 0;
			knownRegions = (
				en,
				Base,
			);
			mainGroup = 9FBC53702A80F9CE00CE8ED7;
			packageReferences = (
				9FBC53AF2A8100C300CE8ED7 /* XCRemoteSwiftPackageReference "SnapKit" */,
				078888942A8178DD006E0FE0 /* XCRemoteSwiftPackageReference "Alamofire" */,
				E4F176122A8269300022628A /* XCRemoteSwiftPackageReference "Wormholy" */,
				B2187AF62A83E65300C0FB82 /* XCRemoteSwiftPackageReference "Kingfisher" */,
				B2E1338F2A88B53E008A46E0 /* XCRemoteSwiftPackageReference "CHIOTPField" */,
			);
			productRefGroup = 9FBC537A2A80F9CE00CE8ED7 /* Products */;
			projectDirPath = "";
			projectRoot = "";
			targets = (
				9FBC53782A80F9CE00CE8ED7 /* ajwa */,
				9FBC53912A80F9D100CE8ED7 /* ajwaTests */,
				9FBC539B2A80F9D100CE8ED7 /* ajwaUITests */,
			);
		};
/* End PBXProject section */

/* Begin PBXResourcesBuildPhase section */
		9FBC53772A80F9CE00CE8ED7 /* Resources */ = {
			isa = PBXResourcesBuildPhase;
			buildActionMask = 2147483647;
			files = (
				C8B48CFE2A8A567C00EDBCB6 /* SFProDisplay-Medium.ttf in Resources */,
				C8B48CFF2A8A567C00EDBCB6 /* SFProDisplay-Semibold.ttf in Resources */,
				9FBC538C2A80F9D100CE8ED7 /* LaunchScreen.storyboard in Resources */,
				9FBC53892A80F9D100CE8ED7 /* Assets.xcassets in Resources */,
				C8B48CFC2A8A567C00EDBCB6 /* SFProDisplay-Bold.ttf in Resources */,
				C8B48CFD2A8A567C00EDBCB6 /* SFProDisplay-Regular.ttf in Resources */,
				C8BDB0A62A868692009B9D5D /* Colors.xcassets in Resources */,
				9FBC53842A80F9CE00CE8ED7 /* Main.storyboard in Resources */,
			);
			runOnlyForDeploymentPostprocessing = 0;
		};
		9FBC53902A80F9D100CE8ED7 /* Resources */ = {
			isa = PBXResourcesBuildPhase;
			buildActionMask = 2147483647;
			files = (
			);
			runOnlyForDeploymentPostprocessing = 0;
		};
		9FBC539A2A80F9D100CE8ED7 /* Resources */ = {
			isa = PBXResourcesBuildPhase;
			buildActionMask = 2147483647;
			files = (
			);
			runOnlyForDeploymentPostprocessing = 0;
		};
/* End PBXResourcesBuildPhase section */

/* Begin PBXShellScriptBuildPhase section */
		33CCAF08C7CC8B5942809E91 /* [CP] Check Pods Manifest.lock */ = {
			isa = PBXShellScriptBuildPhase;
			buildActionMask = 2147483647;
			files = (
			);
			inputFileListPaths = (
			);
			inputPaths = (
				"${PODS_PODFILE_DIR_PATH}/Podfile.lock",
				"${PODS_ROOT}/Manifest.lock",
			);
			name = "[CP] Check Pods Manifest.lock";
			outputFileListPaths = (
			);
			outputPaths = (
				"$(DERIVED_FILE_DIR)/Pods-ajwaTests-checkManifestLockResult.txt",
			);
			runOnlyForDeploymentPostprocessing = 0;
			shellPath = /bin/sh;
			shellScript = "diff \"${PODS_PODFILE_DIR_PATH}/Podfile.lock\" \"${PODS_ROOT}/Manifest.lock\" > /dev/null\nif [ $? != 0 ] ; then\n    # print error to STDERR\n    echo \"error: The sandbox is not in sync with the Podfile.lock. Run 'pod install' or update your CocoaPods installation.\" >&2\n    exit 1\nfi\n# This output is used by Xcode 'outputs' to avoid re-running this script phase.\necho \"SUCCESS\" > \"${SCRIPT_OUTPUT_FILE_0}\"\n";
			showEnvVarsInLog = 0;
		};
		6657FC919CE07AB51125E425 /* [CP] Check Pods Manifest.lock */ = {
			isa = PBXShellScriptBuildPhase;
			buildActionMask = 2147483647;
			files = (
			);
			inputFileListPaths = (
			);
			inputPaths = (
				"${PODS_PODFILE_DIR_PATH}/Podfile.lock",
				"${PODS_ROOT}/Manifest.lock",
			);
			name = "[CP] Check Pods Manifest.lock";
			outputFileListPaths = (
			);
			outputPaths = (
				"$(DERIVED_FILE_DIR)/Pods-ajwa-checkManifestLockResult.txt",
			);
			runOnlyForDeploymentPostprocessing = 0;
			shellPath = /bin/sh;
			shellScript = "diff \"${PODS_PODFILE_DIR_PATH}/Podfile.lock\" \"${PODS_ROOT}/Manifest.lock\" > /dev/null\nif [ $? != 0 ] ; then\n    # print error to STDERR\n    echo \"error: The sandbox is not in sync with the Podfile.lock. Run 'pod install' or update your CocoaPods installation.\" >&2\n    exit 1\nfi\n# This output is used by Xcode 'outputs' to avoid re-running this script phase.\necho \"SUCCESS\" > \"${SCRIPT_OUTPUT_FILE_0}\"\n";
			showEnvVarsInLog = 0;
		};
		D27863967156ED7A1564FABF /* [CP] Check Pods Manifest.lock */ = {
			isa = PBXShellScriptBuildPhase;
			buildActionMask = 2147483647;
			files = (
			);
			inputFileListPaths = (
			);
			inputPaths = (
				"${PODS_PODFILE_DIR_PATH}/Podfile.lock",
				"${PODS_ROOT}/Manifest.lock",
			);
			name = "[CP] Check Pods Manifest.lock";
			outputFileListPaths = (
			);
			outputPaths = (
				"$(DERIVED_FILE_DIR)/Pods-ajwa-ajwaUITests-checkManifestLockResult.txt",
			);
			runOnlyForDeploymentPostprocessing = 0;
			shellPath = /bin/sh;
			shellScript = "diff \"${PODS_PODFILE_DIR_PATH}/Podfile.lock\" \"${PODS_ROOT}/Manifest.lock\" > /dev/null\nif [ $? != 0 ] ; then\n    # print error to STDERR\n    echo \"error: The sandbox is not in sync with the Podfile.lock. Run 'pod install' or update your CocoaPods installation.\" >&2\n    exit 1\nfi\n# This output is used by Xcode 'outputs' to avoid re-running this script phase.\necho \"SUCCESS\" > \"${SCRIPT_OUTPUT_FILE_0}\"\n";
			showEnvVarsInLog = 0;
		};
/* End PBXShellScriptBuildPhase section */

/* Begin PBXSourcesBuildPhase section */
		9FBC53752A80F9CE00CE8ED7 /* Sources */ = {
			isa = PBXSourcesBuildPhase;
			buildActionMask = 2147483647;
			files = (
				9FBC53872A80F9CE00CE8ED7 /* ajwa.xcdatamodeld in Sources */,
				B2E133932A88BC9A008A46E0 /* Int+Extension.swift in Sources */,
				C81BE4722A81600400E77EEC /* AppFont.swift in Sources */,
				9FBC53812A80F9CE00CE8ED7 /* ViewController.swift in Sources */,
				681ECDC92A91E97E00382F1B /* MainModels.swift in Sources */,
				681ECDCB2A91E97E00382F1B /* MainInteractor.swift in Sources */,
				C8BDB0A32A8685BB009B9D5D /* AppColor.swift in Sources */,
				681ECDC82A91E97E00382F1B /* MainRouter.swift in Sources */,
				681ECDCA2A91E97E00382F1B /* MainViewController.swift in Sources */,
				9FBC537D2A80F9CE00CE8ED7 /* AppDelegate.swift in Sources */,
				681ECDC62A91E97E00382F1B /* MainPresenter.swift in Sources */,
				B2E133872A88AF07008A46E0 /* RegisterVerificationViewController.swift in Sources */,
				B2E9F06E2A89374900E33F51 /* OTPTextField.swift in Sources */,
				B2E9F0732A89FC1A00E33F51 /* UILabel+Extension.swift in Sources */,
				9FBC537F2A80F9CE00CE8ED7 /* SceneDelegate.swift in Sources */,
				681ECDCC2A91E97E00382F1B /* MainConfigurator.swift in Sources */,
				B2E9F0702A8938C300E33F51 /* OTPStackView.swift in Sources */,
				681ECDC72A91E97E00382F1B /* MainWorker.swift in Sources */,
				C8BDB0A12A868559009B9D5D /* AppImage.swift in Sources */,
			);
			runOnlyForDeploymentPostprocessing = 0;
		};
		9FBC538E2A80F9D100CE8ED7 /* Sources */ = {
			isa = PBXSourcesBuildPhase;
			buildActionMask = 2147483647;
			files = (
				9FBC53972A80F9D100CE8ED7 /* ajwaTests.swift in Sources */,
			);
			runOnlyForDeploymentPostprocessing = 0;
		};
		9FBC53982A80F9D100CE8ED7 /* Sources */ = {
			isa = PBXSourcesBuildPhase;
			buildActionMask = 2147483647;
			files = (
				9FBC53A12A80F9D100CE8ED7 /* ajwaUITests.swift in Sources */,
				9FBC53A32A80F9D100CE8ED7 /* ajwaUITestsLaunchTests.swift in Sources */,
			);
			runOnlyForDeploymentPostprocessing = 0;
		};
/* End PBXSourcesBuildPhase section */

/* Begin PBXTargetDependency section */
		9FBC53942A80F9D100CE8ED7 /* PBXTargetDependency */ = {
			isa = PBXTargetDependency;
			target = 9FBC53782A80F9CE00CE8ED7 /* ajwa */;
			targetProxy = 9FBC53932A80F9D100CE8ED7 /* PBXContainerItemProxy */;
		};
		9FBC539E2A80F9D100CE8ED7 /* PBXTargetDependency */ = {
			isa = PBXTargetDependency;
			target = 9FBC53782A80F9CE00CE8ED7 /* ajwa */;
			targetProxy = 9FBC539D2A80F9D100CE8ED7 /* PBXContainerItemProxy */;
		};
/* End PBXTargetDependency section */

/* Begin PBXVariantGroup section */
		9FBC53822A80F9CE00CE8ED7 /* Main.storyboard */ = {
			isa = PBXVariantGroup;
			children = (
				9FBC53832A80F9CE00CE8ED7 /* Base */,
			);
			name = Main.storyboard;
			sourceTree = "<group>";
		};
		9FBC538A2A80F9D100CE8ED7 /* LaunchScreen.storyboard */ = {
			isa = PBXVariantGroup;
			children = (
				9FBC538B2A80F9D100CE8ED7 /* Base */,
			);
			name = LaunchScreen.storyboard;
			sourceTree = "<group>";
		};
/* End PBXVariantGroup section */

/* Begin XCBuildConfiguration section */
		9FBC53A42A80F9D100CE8ED7 /* Debug */ = {
			isa = XCBuildConfiguration;
			buildSettings = {
				ALWAYS_SEARCH_USER_PATHS = NO;
				CLANG_ANALYZER_NONNULL = YES;
				CLANG_ANALYZER_NUMBER_OBJECT_CONVERSION = YES_AGGRESSIVE;
				CLANG_CXX_LANGUAGE_STANDARD = "gnu++20";
				CLANG_ENABLE_MODULES = YES;
				CLANG_ENABLE_OBJC_ARC = YES;
				CLANG_ENABLE_OBJC_WEAK = YES;
				CLANG_WARN_BLOCK_CAPTURE_AUTORELEASING = YES;
				CLANG_WARN_BOOL_CONVERSION = YES;
				CLANG_WARN_COMMA = YES;
				CLANG_WARN_CONSTANT_CONVERSION = YES;
				CLANG_WARN_DEPRECATED_OBJC_IMPLEMENTATIONS = YES;
				CLANG_WARN_DIRECT_OBJC_ISA_USAGE = YES_ERROR;
				CLANG_WARN_DOCUMENTATION_COMMENTS = YES;
				CLANG_WARN_EMPTY_BODY = YES;
				CLANG_WARN_ENUM_CONVERSION = YES;
				CLANG_WARN_INFINITE_RECURSION = YES;
				CLANG_WARN_INT_CONVERSION = YES;
				CLANG_WARN_NON_LITERAL_NULL_CONVERSION = YES;
				CLANG_WARN_OBJC_IMPLICIT_RETAIN_SELF = YES;
				CLANG_WARN_OBJC_LITERAL_CONVERSION = YES;
				CLANG_WARN_OBJC_ROOT_CLASS = YES_ERROR;
				CLANG_WARN_QUOTED_INCLUDE_IN_FRAMEWORK_HEADER = YES;
				CLANG_WARN_RANGE_LOOP_ANALYSIS = YES;
				CLANG_WARN_STRICT_PROTOTYPES = YES;
				CLANG_WARN_SUSPICIOUS_MOVE = YES;
				CLANG_WARN_UNGUARDED_AVAILABILITY = YES_AGGRESSIVE;
				CLANG_WARN_UNREACHABLE_CODE = YES;
				CLANG_WARN__DUPLICATE_METHOD_MATCH = YES;
				COPY_PHASE_STRIP = NO;
				DEBUG_INFORMATION_FORMAT = dwarf;
				ENABLE_STRICT_OBJC_MSGSEND = YES;
				ENABLE_TESTABILITY = YES;
				GCC_C_LANGUAGE_STANDARD = gnu11;
				GCC_DYNAMIC_NO_PIC = NO;
				GCC_NO_COMMON_BLOCKS = YES;
				GCC_OPTIMIZATION_LEVEL = 0;
				GCC_PREPROCESSOR_DEFINITIONS = (
					"DEBUG=1",
					"$(inherited)",
				);
				GCC_WARN_64_TO_32_BIT_CONVERSION = YES;
				GCC_WARN_ABOUT_RETURN_TYPE = YES_ERROR;
				GCC_WARN_UNDECLARED_SELECTOR = YES;
				GCC_WARN_UNINITIALIZED_AUTOS = YES_AGGRESSIVE;
				GCC_WARN_UNUSED_FUNCTION = YES;
				GCC_WARN_UNUSED_VARIABLE = YES;
				IPHONEOS_DEPLOYMENT_TARGET = 16.4;
				MTL_ENABLE_DEBUG_INFO = INCLUDE_SOURCE;
				MTL_FAST_MATH = YES;
				ONLY_ACTIVE_ARCH = YES;
				SDKROOT = iphoneos;
				SWIFT_ACTIVE_COMPILATION_CONDITIONS = DEBUG;
				SWIFT_OPTIMIZATION_LEVEL = "-Onone";
			};
			name = Debug;
		};
		9FBC53A52A80F9D100CE8ED7 /* Release */ = {
			isa = XCBuildConfiguration;
			buildSettings = {
				ALWAYS_SEARCH_USER_PATHS = NO;
				CLANG_ANALYZER_NONNULL = YES;
				CLANG_ANALYZER_NUMBER_OBJECT_CONVERSION = YES_AGGRESSIVE;
				CLANG_CXX_LANGUAGE_STANDARD = "gnu++20";
				CLANG_ENABLE_MODULES = YES;
				CLANG_ENABLE_OBJC_ARC = YES;
				CLANG_ENABLE_OBJC_WEAK = YES;
				CLANG_WARN_BLOCK_CAPTURE_AUTORELEASING = YES;
				CLANG_WARN_BOOL_CONVERSION = YES;
				CLANG_WARN_COMMA = YES;
				CLANG_WARN_CONSTANT_CONVERSION = YES;
				CLANG_WARN_DEPRECATED_OBJC_IMPLEMENTATIONS = YES;
				CLANG_WARN_DIRECT_OBJC_ISA_USAGE = YES_ERROR;
				CLANG_WARN_DOCUMENTATION_COMMENTS = YES;
				CLANG_WARN_EMPTY_BODY = YES;
				CLANG_WARN_ENUM_CONVERSION = YES;
				CLANG_WARN_INFINITE_RECURSION = YES;
				CLANG_WARN_INT_CONVERSION = YES;
				CLANG_WARN_NON_LITERAL_NULL_CONVERSION = YES;
				CLANG_WARN_OBJC_IMPLICIT_RETAIN_SELF = YES;
				CLANG_WARN_OBJC_LITERAL_CONVERSION = YES;
				CLANG_WARN_OBJC_ROOT_CLASS = YES_ERROR;
				CLANG_WARN_QUOTED_INCLUDE_IN_FRAMEWORK_HEADER = YES;
				CLANG_WARN_RANGE_LOOP_ANALYSIS = YES;
				CLANG_WARN_STRICT_PROTOTYPES = YES;
				CLANG_WARN_SUSPICIOUS_MOVE = YES;
				CLANG_WARN_UNGUARDED_AVAILABILITY = YES_AGGRESSIVE;
				CLANG_WARN_UNREACHABLE_CODE = YES;
				CLANG_WARN__DUPLICATE_METHOD_MATCH = YES;
				COPY_PHASE_STRIP = NO;
				DEBUG_INFORMATION_FORMAT = "dwarf-with-dsym";
				ENABLE_NS_ASSERTIONS = NO;
				ENABLE_STRICT_OBJC_MSGSEND = YES;
				GCC_C_LANGUAGE_STANDARD = gnu11;
				GCC_NO_COMMON_BLOCKS = YES;
				GCC_WARN_64_TO_32_BIT_CONVERSION = YES;
				GCC_WARN_ABOUT_RETURN_TYPE = YES_ERROR;
				GCC_WARN_UNDECLARED_SELECTOR = YES;
				GCC_WARN_UNINITIALIZED_AUTOS = YES_AGGRESSIVE;
				GCC_WARN_UNUSED_FUNCTION = YES;
				GCC_WARN_UNUSED_VARIABLE = YES;
				IPHONEOS_DEPLOYMENT_TARGET = 16.4;
				MTL_ENABLE_DEBUG_INFO = NO;
				MTL_FAST_MATH = YES;
				SDKROOT = iphoneos;
				SWIFT_COMPILATION_MODE = wholemodule;
				SWIFT_OPTIMIZATION_LEVEL = "-O";
				VALIDATE_PRODUCT = YES;
			};
			name = Release;
		};
		9FBC53A72A80F9D100CE8ED7 /* Debug */ = {
			isa = XCBuildConfiguration;
			baseConfigurationReference = 50DC7B7AC84EE6C5F946E7E7 /* Pods-ajwa.debug.xcconfig */;
			buildSettings = {
				ASSETCATALOG_COMPILER_APPICON_NAME = AppIcon;
				ASSETCATALOG_COMPILER_GLOBAL_ACCENT_COLOR_NAME = AccentColor;
				CODE_SIGN_STYLE = Automatic;
				CURRENT_PROJECT_VERSION = 1;
				DEVELOPMENT_TEAM = L32S293JKJ;
				GENERATE_INFOPLIST_FILE = YES;
				INFOPLIST_FILE = ajwa/Info.plist;
				INFOPLIST_KEY_UIApplicationSupportsIndirectInputEvents = YES;
				INFOPLIST_KEY_UILaunchStoryboardName = LaunchScreen;
				INFOPLIST_KEY_UIMainStoryboardFile = Main;
				INFOPLIST_KEY_UISupportedInterfaceOrientations_iPad = "UIInterfaceOrientationPortrait UIInterfaceOrientationPortraitUpsideDown UIInterfaceOrientationLandscapeLeft UIInterfaceOrientationLandscapeRight";
				INFOPLIST_KEY_UISupportedInterfaceOrientations_iPhone = "UIInterfaceOrientationPortrait UIInterfaceOrientationLandscapeLeft UIInterfaceOrientationLandscapeRight";
				LD_RUNPATH_SEARCH_PATHS = (
					"$(inherited)",
					"@executable_path/Frameworks",
				);
				MARKETING_VERSION = 1.0;
				PRODUCT_BUNDLE_IDENTIFIER = kz.startmobile.ajwa;
				PRODUCT_NAME = "$(TARGET_NAME)";
				SWIFT_EMIT_LOC_STRINGS = YES;
				SWIFT_VERSION = 5.0;
				TARGETED_DEVICE_FAMILY = "1,2";
			};
			name = Debug;
		};
		9FBC53A82A80F9D100CE8ED7 /* Release */ = {
			isa = XCBuildConfiguration;
			baseConfigurationReference = CB78CF8F6C8C45A0B90B13BD /* Pods-ajwa.release.xcconfig */;
			buildSettings = {
				ASSETCATALOG_COMPILER_APPICON_NAME = AppIcon;
				ASSETCATALOG_COMPILER_GLOBAL_ACCENT_COLOR_NAME = AccentColor;
				CODE_SIGN_STYLE = Automatic;
				CURRENT_PROJECT_VERSION = 1;
				DEVELOPMENT_TEAM = L32S293JKJ;
				GENERATE_INFOPLIST_FILE = YES;
				INFOPLIST_FILE = ajwa/Info.plist;
				INFOPLIST_KEY_UIApplicationSupportsIndirectInputEvents = YES;
				INFOPLIST_KEY_UILaunchStoryboardName = LaunchScreen;
				INFOPLIST_KEY_UIMainStoryboardFile = Main;
				INFOPLIST_KEY_UISupportedInterfaceOrientations_iPad = "UIInterfaceOrientationPortrait UIInterfaceOrientationPortraitUpsideDown UIInterfaceOrientationLandscapeLeft UIInterfaceOrientationLandscapeRight";
				INFOPLIST_KEY_UISupportedInterfaceOrientations_iPhone = "UIInterfaceOrientationPortrait UIInterfaceOrientationLandscapeLeft UIInterfaceOrientationLandscapeRight";
				LD_RUNPATH_SEARCH_PATHS = (
					"$(inherited)",
					"@executable_path/Frameworks",
				);
				MARKETING_VERSION = 1.0;
				PRODUCT_BUNDLE_IDENTIFIER = kz.startmobile.ajwa;
				PRODUCT_NAME = "$(TARGET_NAME)";
				SWIFT_EMIT_LOC_STRINGS = YES;
				SWIFT_VERSION = 5.0;
				TARGETED_DEVICE_FAMILY = "1,2";
			};
			name = Release;
		};
		9FBC53AA2A80F9D100CE8ED7 /* Debug */ = {
			isa = XCBuildConfiguration;
			baseConfigurationReference = 9D0CCB4186115E6722879564 /* Pods-ajwaTests.debug.xcconfig */;
			buildSettings = {
				ALWAYS_EMBED_SWIFT_STANDARD_LIBRARIES = YES;
				BUNDLE_LOADER = "$(TEST_HOST)";
				CODE_SIGN_STYLE = Automatic;
				CURRENT_PROJECT_VERSION = 1;
				DEVELOPMENT_TEAM = L32S293JKJ;
				GENERATE_INFOPLIST_FILE = YES;
				IPHONEOS_DEPLOYMENT_TARGET = 16.4;
				MARKETING_VERSION = 1.0;
				PRODUCT_BUNDLE_IDENTIFIER = kz.startmobile.ajwaTests;
				PRODUCT_NAME = "$(TARGET_NAME)";
				SWIFT_EMIT_LOC_STRINGS = NO;
				SWIFT_VERSION = 5.0;
				TARGETED_DEVICE_FAMILY = "1,2";
				TEST_HOST = "$(BUILT_PRODUCTS_DIR)/ajwa.app/$(BUNDLE_EXECUTABLE_FOLDER_PATH)/ajwa";
			};
			name = Debug;
		};
		9FBC53AB2A80F9D100CE8ED7 /* Release */ = {
			isa = XCBuildConfiguration;
			baseConfigurationReference = DBAC10FFC8039F8F3D6E3A12 /* Pods-ajwaTests.release.xcconfig */;
			buildSettings = {
				ALWAYS_EMBED_SWIFT_STANDARD_LIBRARIES = YES;
				BUNDLE_LOADER = "$(TEST_HOST)";
				CODE_SIGN_STYLE = Automatic;
				CURRENT_PROJECT_VERSION = 1;
				DEVELOPMENT_TEAM = L32S293JKJ;
				GENERATE_INFOPLIST_FILE = YES;
				IPHONEOS_DEPLOYMENT_TARGET = 16.4;
				MARKETING_VERSION = 1.0;
				PRODUCT_BUNDLE_IDENTIFIER = kz.startmobile.ajwaTests;
				PRODUCT_NAME = "$(TARGET_NAME)";
				SWIFT_EMIT_LOC_STRINGS = NO;
				SWIFT_VERSION = 5.0;
				TARGETED_DEVICE_FAMILY = "1,2";
				TEST_HOST = "$(BUILT_PRODUCTS_DIR)/ajwa.app/$(BUNDLE_EXECUTABLE_FOLDER_PATH)/ajwa";
			};
			name = Release;
		};
		9FBC53AD2A80F9D100CE8ED7 /* Debug */ = {
			isa = XCBuildConfiguration;
			baseConfigurationReference = 8FAB9E08A976F806A3043375 /* Pods-ajwa-ajwaUITests.debug.xcconfig */;
			buildSettings = {
				ALWAYS_EMBED_SWIFT_STANDARD_LIBRARIES = YES;
				CODE_SIGN_STYLE = Automatic;
				CURRENT_PROJECT_VERSION = 1;
				DEVELOPMENT_TEAM = L32S293JKJ;
				GENERATE_INFOPLIST_FILE = YES;
				MARKETING_VERSION = 1.0;
				PRODUCT_BUNDLE_IDENTIFIER = kz.startmobile.ajwaUITests;
				PRODUCT_NAME = "$(TARGET_NAME)";
				SWIFT_EMIT_LOC_STRINGS = NO;
				SWIFT_VERSION = 5.0;
				TARGETED_DEVICE_FAMILY = "1,2";
				TEST_TARGET_NAME = ajwa;
			};
			name = Debug;
		};
		9FBC53AE2A80F9D100CE8ED7 /* Release */ = {
			isa = XCBuildConfiguration;
			baseConfigurationReference = 1A7DF254EB3F3358A3320519 /* Pods-ajwa-ajwaUITests.release.xcconfig */;
			buildSettings = {
				ALWAYS_EMBED_SWIFT_STANDARD_LIBRARIES = YES;
				CODE_SIGN_STYLE = Automatic;
				CURRENT_PROJECT_VERSION = 1;
				DEVELOPMENT_TEAM = L32S293JKJ;
				GENERATE_INFOPLIST_FILE = YES;
				MARKETING_VERSION = 1.0;
				PRODUCT_BUNDLE_IDENTIFIER = kz.startmobile.ajwaUITests;
				PRODUCT_NAME = "$(TARGET_NAME)";
				SWIFT_EMIT_LOC_STRINGS = NO;
				SWIFT_VERSION = 5.0;
				TARGETED_DEVICE_FAMILY = "1,2";
				TEST_TARGET_NAME = ajwa;
			};
			name = Release;
		};
/* End XCBuildConfiguration section */

/* Begin XCConfigurationList section */
		9FBC53742A80F9CE00CE8ED7 /* Build configuration list for PBXProject "ajwa" */ = {
			isa = XCConfigurationList;
			buildConfigurations = (
				9FBC53A42A80F9D100CE8ED7 /* Debug */,
				9FBC53A52A80F9D100CE8ED7 /* Release */,
			);
			defaultConfigurationIsVisible = 0;
			defaultConfigurationName = Release;
		};
		9FBC53A62A80F9D100CE8ED7 /* Build configuration list for PBXNativeTarget "ajwa" */ = {
			isa = XCConfigurationList;
			buildConfigurations = (
				9FBC53A72A80F9D100CE8ED7 /* Debug */,
				9FBC53A82A80F9D100CE8ED7 /* Release */,
			);
			defaultConfigurationIsVisible = 0;
			defaultConfigurationName = Release;
		};
		9FBC53A92A80F9D100CE8ED7 /* Build configuration list for PBXNativeTarget "ajwaTests" */ = {
			isa = XCConfigurationList;
			buildConfigurations = (
				9FBC53AA2A80F9D100CE8ED7 /* Debug */,
				9FBC53AB2A80F9D100CE8ED7 /* Release */,
			);
			defaultConfigurationIsVisible = 0;
			defaultConfigurationName = Release;
		};
		9FBC53AC2A80F9D100CE8ED7 /* Build configuration list for PBXNativeTarget "ajwaUITests" */ = {
			isa = XCConfigurationList;
			buildConfigurations = (
				9FBC53AD2A80F9D100CE8ED7 /* Debug */,
				9FBC53AE2A80F9D100CE8ED7 /* Release */,
			);
			defaultConfigurationIsVisible = 0;
			defaultConfigurationName = Release;
		};
/* End XCConfigurationList section */

/* Begin XCRemoteSwiftPackageReference section */
		078888942A8178DD006E0FE0 /* XCRemoteSwiftPackageReference "Alamofire" */ = {
			isa = XCRemoteSwiftPackageReference;
			repositoryURL = "https://github.com/Alamofire/Alamofire";
			requirement = {
				kind = upToNextMajorVersion;
				minimumVersion = 5.0.0;
			};
		};
		9FBC53AF2A8100C300CE8ED7 /* XCRemoteSwiftPackageReference "SnapKit" */ = {
			isa = XCRemoteSwiftPackageReference;
			repositoryURL = "https://github.com/SnapKit/SnapKit";
			requirement = {
				kind = upToNextMajorVersion;
				minimumVersion = 5.0.0;
			};
		};
		B2187AF62A83E65300C0FB82 /* XCRemoteSwiftPackageReference "Kingfisher" */ = {
			isa = XCRemoteSwiftPackageReference;
			repositoryURL = "https://github.com/onevcat/Kingfisher.git";
			requirement = {
				kind = upToNextMajorVersion;
				minimumVersion = 7.0.0;
			};
		};
		B2E1338F2A88B53E008A46E0 /* XCRemoteSwiftPackageReference "CHIOTPField" */ = {
			isa = XCRemoteSwiftPackageReference;
			repositoryURL = "https://github.com/ChiliLabs/CHIOTPField";
			requirement = {
				kind = upToNextMajorVersion;
				minimumVersion = 0.1.0;
			};
		};
		E4F176122A8269300022628A /* XCRemoteSwiftPackageReference "Wormholy" */ = {
			isa = XCRemoteSwiftPackageReference;
			repositoryURL = "https://github.com/tadelv/Wormholy";
			requirement = {
				kind = upToNextMajorVersion;
				minimumVersion = 1.0.0;
			};
		};
/* End XCRemoteSwiftPackageReference section */

/* Begin XCSwiftPackageProductDependency section */
		078888952A8178DD006E0FE0 /* Alamofire */ = {
			isa = XCSwiftPackageProductDependency;
			package = 078888942A8178DD006E0FE0 /* XCRemoteSwiftPackageReference "Alamofire" */;
			productName = Alamofire;
		};
		9FBC53B02A8100C300CE8ED7 /* SnapKit */ = {
			isa = XCSwiftPackageProductDependency;
			package = 9FBC53AF2A8100C300CE8ED7 /* XCRemoteSwiftPackageReference "SnapKit" */;
			productName = SnapKit;
		};
		B2187AF72A83E65400C0FB82 /* Kingfisher */ = {
			isa = XCSwiftPackageProductDependency;
			package = B2187AF62A83E65300C0FB82 /* XCRemoteSwiftPackageReference "Kingfisher" */;
			productName = Kingfisher;
		};
		B2E133902A88B53E008A46E0 /* CHIOTPField */ = {
			isa = XCSwiftPackageProductDependency;
			package = B2E1338F2A88B53E008A46E0 /* XCRemoteSwiftPackageReference "CHIOTPField" */;
			productName = CHIOTPField;
		};
		E4F176132A8269300022628A /* Wormholy */ = {
			isa = XCSwiftPackageProductDependency;
			package = E4F176122A8269300022628A /* XCRemoteSwiftPackageReference "Wormholy" */;
			productName = Wormholy;
		};
/* End XCSwiftPackageProductDependency section */

/* Begin XCVersionGroup section */
		9FBC53852A80F9CE00CE8ED7 /* ajwa.xcdatamodeld */ = {
			isa = XCVersionGroup;
			children = (
				9FBC53862A80F9CE00CE8ED7 /* ajwa.xcdatamodel */,
			);
			currentVersion = 9FBC53862A80F9CE00CE8ED7 /* ajwa.xcdatamodel */;
			path = ajwa.xcdatamodeld;
			sourceTree = "<group>";
			versionGroupType = wrapper.xcdatamodel;
		};
/* End XCVersionGroup section */
	};
	rootObject = 9FBC53712A80F9CE00CE8ED7 /* Project object */;
}
